
Microsoft Visual Studio Solution File, Format Version 12.00
# Visual Studio 14
VisualStudioVersion = 14.0.25420.1
MinimumVisualStudioVersion = 10.0.40219.1
Project("{FAE04EC0-301F-11D3-BF4B-00C04F79EFBC}") = "WindowChrome.Demo", "WindowChrome.Demo\WindowChrome.Demo.csproj", "{5B9FA078-AB53-402A-ACDE-080202708569}"
	ProjectSection(ProjectDependencies) = postProject
		{4D2AE72D-F6A6-4E60-BDBB-5F5310F50589} = {4D2AE72D-F6A6-4E60-BDBB-5F5310F50589}
	EndProjectSection
EndProject
Project("{FAE04EC0-301F-11D3-BF4B-00C04F79EFBC}") = "WcfService1", "WcfService1\WcfService1.csproj", "{4D2AE72D-F6A6-4E60-BDBB-5F5310F50589}"
EndProject
Project("{FAE04EC0-301F-11D3-BF4B-00C04F79EFBC}") = "Terminal", "Terminal\Terminal.csproj", "{585B7F53-044B-46B0-8C8E-E629ECEDCA63}"
	ProjectSection(ProjectDependencies) = postProject
		{4D2AE72D-F6A6-4E60-BDBB-5F5310F50589} = {4D2AE72D-F6A6-4E60-BDBB-5F5310F50589}
	EndProjectSection
EndProject
Global
	GlobalSection(SolutionConfigurationPlatforms) = preSolution
		Debug|Any CPU = Debug|Any CPU
		Release|Any CPU = Release|Any CPU
	EndGlobalSection
	GlobalSection(ProjectConfigurationPlatforms) = postSolution
		{5B9FA078-AB53-402A-ACDE-080202708569}.Debug|Any CPU.ActiveCfg = Debug|Any CPU
		{5B9FA078-AB53-402A-ACDE-080202708569}.Debug|Any CPU.Build.0 = Debug|Any CPU
		{5B9FA078-AB53-402A-ACDE-080202708569}.Release|Any CPU.ActiveCfg = Release|Any CPU
		{5B9FA078-AB53-402A-ACDE-080202708569}.Release|Any CPU.Build.0 = Release|Any CPU
		{4D2AE72D-F6A6-4E60-BDBB-5F5310F50589}.Debug|Any CPU.ActiveCfg = Debug|Any CPU
		{4D2AE72D-F6A6-4E60-BDBB-5F5310F50589}.Debug|Any CPU.Build.0 = Debug|Any CPU
		{4D2AE72D-F6A6-4E60-BDBB-5F5310F50589}.Release|Any CPU.ActiveCfg = Release|Any CPU
		{4D2AE72D-F6A6-4E60-BDBB-5F5310F50589}.Release|Any CPU.Build.0 = Release|Any CPU
		{585B7F53-044B-46B0-8C8E-E629ECEDCA63}.Debug|Any CPU.ActiveCfg = Debug|Any CPU
		{585B7F53-044B-46B0-8C8E-E629ECEDCA63}.Debug|Any CPU.Build.0 = Debug|Any CPU
		{585B7F53-044B-46B0-8C8E-E629ECEDCA63}.Release|Any CPU.ActiveCfg = Release|Any CPU
		{585B7F53-044B-46B0-8C8E-E629ECEDCA63}.Release|Any CPU.Build.0 = Release|Any CPU
	EndGlobalSection
	GlobalSection(SolutionProperties) = preSolution
		HideSolutionNode = FALSE
	EndGlobalSection
EndGlobal
